
Microsoft Visual Studio Solution File, Format Version 12.00
# Visual Studio Version 17
VisualStudioVersion = 17.0.31903.59
MinimumVisualStudioVersion = 10.0.40219.1
Project("{FAE04EC0-301F-11D3-BF4B-00C04F79EFBC}") = "CarWorkshop", "CarWorkshop\CarWorkshop.csproj", "{FDA095B8-B78B-47E3-A1E4-283A562B8A8F}"
EndProject
Project("{FAE04EC0-301F-11D3-BF4B-00C04F79EFBC}") = "CarWorkshop.Domain", "CarWorkshop.Domain\CarWorkshop.Domain.csproj", "{142B715C-F2F9-4063-AB5D-8C77A3E12B5D}"
EndProject
Project("{FAE04EC0-301F-11D3-BF4B-00C04F79EFBC}") = "CarWorkshop.Infrastructure", "CarWorkshop.Infrastructure\CarWorkshop.Infrastructure.csproj", "{E7D0701D-5854-4121-82D8-11502243116B}"
EndProject
Project("{FAE04EC0-301F-11D3-BF4B-00C04F79EFBC}") = "CarWorkshop.Application", "CarWorkshop.Application\CarWorkshop.Application.csproj", "{040C2F58-8E9F-C238-4A5F-77C016A8E968}"
EndProject
Project("{FAE04EC0-301F-11D3-BF4B-00C04F79EFBC}") = "CarWorkshop.Domain.Tests", "CarWorkshop.Domain.Tests\CarWorkshop.Domain.Tests.csproj", "{C40FC0B6-995C-4C10-966C-6BA485770D85}"
EndProject
Project("{2150E333-8FDC-42A3-9474-1A3956D46DE8}") = "test", "test", "{02EA681E-C7D8-13C7-8484-4AC65E1B71E8}"
EndProject
Project("{FAE04EC0-301F-11D3-BF4B-00C04F79EFBC}") = "CarWorkshop.Application.Tests", "CarWorkshop.Application.Tests\CarWorkshop.Application.Tests.csproj", "{CA97BCC1-7FE8-47B5-8A10-E891185EF7F2}"
EndProject
Project("{FAE04EC0-301F-11D3-BF4B-00C04F79EFBC}") = "CarWorkshop.Tests", "CarWorkshop.Tests\CarWorkshop.Tests.csproj", "{D4F312D9-9A95-462C-83E7-01FFCA0C05DC}"
EndProject
Project("{FAE04EC0-301F-11D3-BF4B-00C04F79EFBC}") = "CarWorkshop.APITests", "CarWorkshop.APITests\CarWorkshop.APITests.csproj", "{4388A302-04FF-4CC1-82C0-CB9ECDE7A79C}"
EndProject
Project("{2150E333-8FDC-42A3-9474-1A3956D46DE8}") = "Solution Items", "Solution Items", "{8EC462FD-D22E-90A8-E5CE-7E832BA40C5D}"
	ProjectSection(SolutionItems) = preProject
		Dockerfile.txt = Dockerfile.txt
	EndProjectSection
EndProject
Global
	GlobalSection(SolutionConfigurationPlatforms) = preSolution
		Debug|Any CPU = Debug|Any CPU
		Debug|x64 = Debug|x64
		Debug|x86 = Debug|x86
		Release|Any CPU = Release|Any CPU
		Release|x64 = Release|x64
		Release|x86 = Release|x86
	EndGlobalSection
	GlobalSection(ProjectConfigurationPlatforms) = postSolution
		{FDA095B8-B78B-47E3-A1E4-283A562B8A8F}.Debug|Any CPU.ActiveCfg = Debug|Any CPU
		{FDA095B8-B78B-47E3-A1E4-283A562B8A8F}.Debug|Any CPU.Build.0 = Debug|Any CPU
		{FDA095B8-B78B-47E3-A1E4-283A562B8A8F}.Debug|x64.ActiveCfg = Debug|Any CPU
		{FDA095B8-B78B-47E3-A1E4-283A562B8A8F}.Debug|x64.Build.0 = Debug|Any CPU
		{FDA095B8-B78B-47E3-A1E4-283A562B8A8F}.Debug|x86.ActiveCfg = Debug|Any CPU
		{FDA095B8-B78B-47E3-A1E4-283A562B8A8F}.Debug|x86.Build.0 = Debug|Any CPU
		{FDA095B8-B78B-47E3-A1E4-283A562B8A8F}.Release|Any CPU.ActiveCfg = Release|Any CPU
		{FDA095B8-B78B-47E3-A1E4-283A562B8A8F}.Release|Any CPU.Build.0 = Release|Any CPU
		{FDA095B8-B78B-47E3-A1E4-283A562B8A8F}.Release|x64.ActiveCfg = Release|Any CPU
		{FDA095B8-B78B-47E3-A1E4-283A562B8A8F}.Release|x64.Build.0 = Release|Any CPU
		{FDA095B8-B78B-47E3-A1E4-283A562B8A8F}.Release|x86.ActiveCfg = Release|Any CPU
		{FDA095B8-B78B-47E3-A1E4-283A562B8A8F}.Release|x86.Build.0 = Release|Any CPU
		{142B715C-F2F9-4063-AB5D-8C77A3E12B5D}.Debug|Any CPU.ActiveCfg = Debug|Any CPU
		{142B715C-F2F9-4063-AB5D-8C77A3E12B5D}.Debug|Any CPU.Build.0 = Debug|Any CPU
		{142B715C-F2F9-4063-AB5D-8C77A3E12B5D}.Debug|x64.ActiveCfg = Debug|Any CPU
		{142B715C-F2F9-4063-AB5D-8C77A3E12B5D}.Debug|x64.Build.0 = Debug|Any CPU
		{142B715C-F2F9-4063-AB5D-8C77A3E12B5D}.Debug|x86.ActiveCfg = Debug|Any CPU
		{142B715C-F2F9-4063-AB5D-8C77A3E12B5D}.Debug|x86.Build.0 = Debug|Any CPU
		{142B715C-F2F9-4063-AB5D-8C77A3E12B5D}.Release|Any CPU.ActiveCfg = Release|Any CPU
		{142B715C-F2F9-4063-AB5D-8C77A3E12B5D}.Release|Any CPU.Build.0 = Release|Any CPU
		{142B715C-F2F9-4063-AB5D-8C77A3E12B5D}.Release|x64.ActiveCfg = Release|Any CPU
		{142B715C-F2F9-4063-AB5D-8C77A3E12B5D}.Release|x64.Build.0 = Release|Any CPU
		{142B715C-F2F9-4063-AB5D-8C77A3E12B5D}.Release|x86.ActiveCfg = Release|Any CPU
		{142B715C-F2F9-4063-AB5D-8C77A3E12B5D}.Release|x86.Build.0 = Release|Any CPU
		{E7D0701D-5854-4121-82D8-11502243116B}.Debug|Any CPU.ActiveCfg = Debug|Any CPU
		{E7D0701D-5854-4121-82D8-11502243116B}.Debug|Any CPU.Build.0 = Debug|Any CPU
		{E7D0701D-5854-4121-82D8-11502243116B}.Debug|x64.ActiveCfg = Debug|Any CPU
		{E7D0701D-5854-4121-82D8-11502243116B}.Debug|x64.Build.0 = Debug|Any CPU
		{E7D0701D-5854-4121-82D8-11502243116B}.Debug|x86.ActiveCfg = Debug|Any CPU
		{E7D0701D-5854-4121-82D8-11502243116B}.Debug|x86.Build.0 = Debug|Any CPU
		{E7D0701D-5854-4121-82D8-11502243116B}.Release|Any CPU.ActiveCfg = Release|Any CPU
		{E7D0701D-5854-4121-82D8-11502243116B}.Release|Any CPU.Build.0 = Release|Any CPU
		{E7D0701D-5854-4121-82D8-11502243116B}.Release|x64.ActiveCfg = Release|Any CPU
		{E7D0701D-5854-4121-82D8-11502243116B}.Release|x64.Build.0 = Release|Any CPU
		{E7D0701D-5854-4121-82D8-11502243116B}.Release|x86.ActiveCfg = Release|Any CPU
		{E7D0701D-5854-4121-82D8-11502243116B}.Release|x86.Build.0 = Release|Any CPU
		{040C2F58-8E9F-C238-4A5F-77C016A8E968}.Debug|Any CPU.ActiveCfg = Debug|Any CPU
		{040C2F58-8E9F-C238-4A5F-77C016A8E968}.Debug|Any CPU.Build.0 = Debug|Any CPU
		{040C2F58-8E9F-C238-4A5F-77C016A8E968}.Debug|x64.ActiveCfg = Debug|Any CPU
		{040C2F58-8E9F-C238-4A5F-77C016A8E968}.Debug|x64.Build.0 = Debug|Any CPU
		{040C2F58-8E9F-C238-4A5F-77C016A8E968}.Debug|x86.ActiveCfg = Debug|Any CPU
		{040C2F58-8E9F-C238-4A5F-77C016A8E968}.Debug|x86.Build.0 = Debug|Any CPU
		{040C2F58-8E9F-C238-4A5F-77C016A8E968}.Release|Any CPU.ActiveCfg = Release|Any CPU
		{040C2F58-8E9F-C238-4A5F-77C016A8E968}.Release|Any CPU.Build.0 = Release|Any CPU
		{040C2F58-8E9F-C238-4A5F-77C016A8E968}.Release|x64.ActiveCfg = Release|Any CPU
		{040C2F58-8E9F-C238-4A5F-77C016A8E968}.Release|x64.Build.0 = Release|Any CPU
		{040C2F58-8E9F-C238-4A5F-77C016A8E968}.Release|x86.ActiveCfg = Release|Any CPU
		{040C2F58-8E9F-C238-4A5F-77C016A8E968}.Release|x86.Build.0 = Release|Any CPU
		{C40FC0B6-995C-4C10-966C-6BA485770D85}.Debug|Any CPU.ActiveCfg = Debug|Any CPU
		{C40FC0B6-995C-4C10-966C-6BA485770D85}.Debug|Any CPU.Build.0 = Debug|Any CPU
		{C40FC0B6-995C-4C10-966C-6BA485770D85}.Debug|x64.ActiveCfg = Debug|Any CPU
		{C40FC0B6-995C-4C10-966C-6BA485770D85}.Debug|x64.Build.0 = Debug|Any CPU
		{C40FC0B6-995C-4C10-966C-6BA485770D85}.Debug|x86.ActiveCfg = Debug|Any CPU
		{C40FC0B6-995C-4C10-966C-6BA485770D85}.Debug|x86.Build.0 = Debug|Any CPU
		{C40FC0B6-995C-4C10-966C-6BA485770D85}.Release|Any CPU.ActiveCfg = Release|Any CPU
		{C40FC0B6-995C-4C10-966C-6BA485770D85}.Release|Any CPU.Build.0 = Release|Any CPU
		{C40FC0B6-995C-4C10-966C-6BA485770D85}.Release|x64.ActiveCfg = Release|Any CPU
		{C40FC0B6-995C-4C10-966C-6BA485770D85}.Release|x64.Build.0 = Release|Any CPU
		{C40FC0B6-995C-4C10-966C-6BA485770D85}.Release|x86.ActiveCfg = Release|Any CPU
		{C40FC0B6-995C-4C10-966C-6BA485770D85}.Release|x86.Build.0 = Release|Any CPU
		{CA97BCC1-7FE8-47B5-8A10-E891185EF7F2}.Debug|Any CPU.ActiveCfg = Debug|Any CPU
		{CA97BCC1-7FE8-47B5-8A10-E891185EF7F2}.Debug|Any CPU.Build.0 = Debug|Any CPU
		{CA97BCC1-7FE8-47B5-8A10-E891185EF7F2}.Debug|x64.ActiveCfg = Debug|Any CPU
		{CA97BCC1-7FE8-47B5-8A10-E891185EF7F2}.Debug|x64.Build.0 = Debug|Any CPU
		{CA97BCC1-7FE8-47B5-8A10-E891185EF7F2}.Debug|x86.ActiveCfg = Debug|Any CPU
		{CA97BCC1-7FE8-47B5-8A10-E891185EF7F2}.Debug|x86.Build.0 = Debug|Any CPU
		{CA97BCC1-7FE8-47B5-8A10-E891185EF7F2}.Release|Any CPU.ActiveCfg = Release|Any CPU
		{CA97BCC1-7FE8-47B5-8A10-E891185EF7F2}.Release|Any CPU.Build.0 = Release|Any CPU
		{CA97BCC1-7FE8-47B5-8A10-E891185EF7F2}.Release|x64.ActiveCfg = Release|Any CPU
		{CA97BCC1-7FE8-47B5-8A10-E891185EF7F2}.Release|x64.Build.0 = Release|Any CPU
		{CA97BCC1-7FE8-47B5-8A10-E891185EF7F2}.Release|x86.ActiveCfg = Release|Any CPU
		{CA97BCC1-7FE8-47B5-8A10-E891185EF7F2}.Release|x86.Build.0 = Release|Any CPU
		{D4F312D9-9A95-462C-83E7-01FFCA0C05DC}.Debug|Any CPU.ActiveCfg = Debug|Any CPU
		{D4F312D9-9A95-462C-83E7-01FFCA0C05DC}.Debug|Any CPU.Build.0 = Debug|Any CPU
		{D4F312D9-9A95-462C-83E7-01FFCA0C05DC}.Debug|x64.ActiveCfg = Debug|Any CPU
		{D4F312D9-9A95-462C-83E7-01FFCA0C05DC}.Debug|x64.Build.0 = Debug|Any CPU
		{D4F312D9-9A95-462C-83E7-01FFCA0C05DC}.Debug|x86.ActiveCfg = Debug|Any CPU
		{D4F312D9-9A95-462C-83E7-01FFCA0C05DC}.Debug|x86.Build.0 = Debug|Any CPU
		{D4F312D9-9A95-462C-83E7-01FFCA0C05DC}.Release|Any CPU.ActiveCfg = Release|Any CPU
		{D4F312D9-9A95-462C-83E7-01FFCA0C05DC}.Release|Any CPU.Build.0 = Release|Any CPU
		{D4F312D9-9A95-462C-83E7-01FFCA0C05DC}.Release|x64.ActiveCfg = Release|Any CPU
		{D4F312D9-9A95-462C-83E7-01FFCA0C05DC}.Release|x64.Build.0 = Release|Any CPU
		{D4F312D9-9A95-462C-83E7-01FFCA0C05DC}.Release|x86.ActiveCfg = Release|Any CPU
		{D4F312D9-9A95-462C-83E7-01FFCA0C05DC}.Release|x86.Build.0 = Release|Any CPU
		{4388A302-04FF-4CC1-82C0-CB9ECDE7A79C}.Debug|Any CPU.ActiveCfg = Debug|Any CPU
		{4388A302-04FF-4CC1-82C0-CB9ECDE7A79C}.Debug|Any CPU.Build.0 = Debug|Any CPU
		{4388A302-04FF-4CC1-82C0-CB9ECDE7A79C}.Debug|x64.ActiveCfg = Debug|Any CPU
		{4388A302-04FF-4CC1-82C0-CB9ECDE7A79C}.Debug|x64.Build.0 = Debug|Any CPU
		{4388A302-04FF-4CC1-82C0-CB9ECDE7A79C}.Debug|x86.ActiveCfg = Debug|Any CPU
		{4388A302-04FF-4CC1-82C0-CB9ECDE7A79C}.Debug|x86.Build.0 = Debug|Any CPU
		{4388A302-04FF-4CC1-82C0-CB9ECDE7A79C}.Release|Any CPU.ActiveCfg = Release|Any CPU
		{4388A302-04FF-4CC1-82C0-CB9ECDE7A79C}.Release|Any CPU.Build.0 = Release|Any CPU
		{4388A302-04FF-4CC1-82C0-CB9ECDE7A79C}.Release|x64.ActiveCfg = Release|Any CPU
		{4388A302-04FF-4CC1-82C0-CB9ECDE7A79C}.Release|x64.Build.0 = Release|Any CPU
		{4388A302-04FF-4CC1-82C0-CB9ECDE7A79C}.Release|x86.ActiveCfg = Release|Any CPU
		{4388A302-04FF-4CC1-82C0-CB9ECDE7A79C}.Release|x86.Build.0 = Release|Any CPU
	EndGlobalSection
	GlobalSection(SolutionProperties) = preSolution
		HideSolutionNode = FALSE
	EndGlobalSection
	GlobalSection(NestedProjects) = preSolution
		{C40FC0B6-995C-4C10-966C-6BA485770D85} = {02EA681E-C7D8-13C7-8484-4AC65E1B71E8}
		{CA97BCC1-7FE8-47B5-8A10-E891185EF7F2} = {02EA681E-C7D8-13C7-8484-4AC65E1B71E8}
		{D4F312D9-9A95-462C-83E7-01FFCA0C05DC} = {02EA681E-C7D8-13C7-8484-4AC65E1B71E8}
		{4388A302-04FF-4CC1-82C0-CB9ECDE7A79C} = {02EA681E-C7D8-13C7-8484-4AC65E1B71E8}
	EndGlobalSection
	GlobalSection(ExtensibilityGlobals) = postSolution
		SolutionGuid = {DBF6FBE2-23F7-4C77-AD54-4C152CDFFD3F}
	EndGlobalSection
EndGlobal
